
Microsoft Visual Studio Solution File, Format Version 12.00
# Visual Studio Version 17
VisualStudioVersion = 17.9.34622.214
MinimumVisualStudioVersion = 10.0.40219.1
Project("{FAE04EC0-301F-11D3-BF4B-00C04F79EFBC}") = "LibraryGUI", "LibraryGUI.csproj", "{33B27338-B813-40BE-A514-0C451E1CA9F0}"
EndProject
Global
	GlobalSection(SolutionConfigurationPlatforms) = preSolution
		Debug|Any CPU = Debug|Any CPU
		Release|Any CPU = Release|Any CPU
	EndGlobalSection
	GlobalSection(ProjectConfigurationPlatforms) = postSolution
		{33B27338-B813-40BE-A514-0C451E1CA9F0}.Debug|Any CPU.ActiveCfg = Debug|Any CPU
		{33B27338-B813-40BE-A514-0C451E1CA9F0}.Debug|Any CPU.Build.0 = Debug|Any CPU
		{33B27338-B813-40BE-A514-0C451E1CA9F0}.Release|Any CPU.ActiveCfg = Release|Any CPU
		{33B27338-B813-40BE-A514-0C451E1CA9F0}.Release|Any CPU.Build.0 = Release|Any CPU
	EndGlobalSection
	GlobalSection(SolutionProperties) = preSolution
		HideSolutionNode = FALSE
	EndGlobalSection
	GlobalSection(ExtensibilityGlobals) = postSolution
		SolutionGuid = {23BCB85E-73CD-4A4B-A21A-CEAAE4C2E583}
	EndGlobalSection
EndGlobal
